// !$*UTF8*$!
{
	archiveVersion = 1;
	classes = {
	};
	objectVersion = 48;
	objects = {

/* Begin PBXBuildFile section */
		171EC54D1FB6B00100E37809 /* DesignableImageView.swift in Sources */ = {isa = PBXBuildFile; fileRef = 171EC52F1FB6B00100E37809 /* DesignableImageView.swift */; };
		171EC54E1FB6B00100E37809 /* KeyboardLayoutConstraint.swift in Sources */ = {isa = PBXBuildFile; fileRef = 171EC5301FB6B00100E37809 /* KeyboardLayoutConstraint.swift */; };
		171EC54F1FB6B00100E37809 /* TransitionManager.swift in Sources */ = {isa = PBXBuildFile; fileRef = 171EC5311FB6B00100E37809 /* TransitionManager.swift */; };
		171EC5501FB6B00100E37809 /* TransitionZoom.swift in Sources */ = {isa = PBXBuildFile; fileRef = 171EC5321FB6B00100E37809 /* TransitionZoom.swift */; };
		171EC5511FB6B00100E37809 /* ImageLoader.swift in Sources */ = {isa = PBXBuildFile; fileRef = 171EC5331FB6B00100E37809 /* ImageLoader.swift */; };
		171EC5521FB6B00100E37809 /* Spring.swift in Sources */ = {isa = PBXBuildFile; fileRef = 171EC5341FB6B00100E37809 /* Spring.swift */; };
		171EC5531FB6B00100E37809 /* SpringImageView.swift in Sources */ = {isa = PBXBuildFile; fileRef = 171EC5351FB6B00100E37809 /* SpringImageView.swift */; };
		171EC5541FB6B00100E37809 /* DesignableLabel.swift in Sources */ = {isa = PBXBuildFile; fileRef = 171EC5361FB6B00100E37809 /* DesignableLabel.swift */; };
		171EC5551FB6B00100E37809 /* SoundPlayer.swift in Sources */ = {isa = PBXBuildFile; fileRef = 171EC5371FB6B00100E37809 /* SoundPlayer.swift */; };
		171EC5561FB6B00100E37809 /* BlurView.swift in Sources */ = {isa = PBXBuildFile; fileRef = 171EC5381FB6B00100E37809 /* BlurView.swift */; };
		171EC5571FB6B00100E37809 /* DesignableTextField.swift in Sources */ = {isa = PBXBuildFile; fileRef = 171EC5391FB6B00100E37809 /* DesignableTextField.swift */; };
		171EC5581FB6B00100E37809 /* SpringButton.swift in Sources */ = {isa = PBXBuildFile; fileRef = 171EC53A1FB6B00100E37809 /* SpringButton.swift */; };
		171EC5591FB6B00100E37809 /* SpringTextView.swift in Sources */ = {isa = PBXBuildFile; fileRef = 171EC53B1FB6B00100E37809 /* SpringTextView.swift */; };
		171EC55A1FB6B00100E37809 /* Misc.swift in Sources */ = {isa = PBXBuildFile; fileRef = 171EC53C1FB6B00100E37809 /* Misc.swift */; };
		171EC55B1FB6B00100E37809 /* SpringView.swift in Sources */ = {isa = PBXBuildFile; fileRef = 171EC53D1FB6B00100E37809 /* SpringView.swift */; };
		171EC55C1FB6B00100E37809 /* DesignableButton.swift in Sources */ = {isa = PBXBuildFile; fileRef = 171EC53E1FB6B00100E37809 /* DesignableButton.swift */; };
		171EC55D1FB6B00100E37809 /* SpringTextField.swift in Sources */ = {isa = PBXBuildFile; fileRef = 171EC53F1FB6B00100E37809 /* SpringTextField.swift */; };
		171EC55E1FB6B00100E37809 /* DesignableView.swift in Sources */ = {isa = PBXBuildFile; fileRef = 171EC5401FB6B00100E37809 /* DesignableView.swift */; };
		171EC55F1FB6B00100E37809 /* DesignableTabBarController.swift in Sources */ = {isa = PBXBuildFile; fileRef = 171EC5411FB6B00100E37809 /* DesignableTabBarController.swift */; };
		171EC5601FB6B00100E37809 /* AsyncButton.swift in Sources */ = {isa = PBXBuildFile; fileRef = 171EC5421FB6B00100E37809 /* AsyncButton.swift */; };
		171EC5611FB6B00100E37809 /* LoadingView.xib in Resources */ = {isa = PBXBuildFile; fileRef = 171EC5431FB6B00100E37809 /* LoadingView.xib */; };
		171EC5621FB6B00100E37809 /* SpringLabel.swift in Sources */ = {isa = PBXBuildFile; fileRef = 171EC5441FB6B00100E37809 /* SpringLabel.swift */; };
		171EC5631FB6B00100E37809 /* DesignableTextView.swift in Sources */ = {isa = PBXBuildFile; fileRef = 171EC5461FB6B00100E37809 /* DesignableTextView.swift */; };
		171EC5641FB6B00100E37809 /* AutoTextView.swift in Sources */ = {isa = PBXBuildFile; fileRef = 171EC5471FB6B00100E37809 /* AutoTextView.swift */; };
		171EC5651FB6B00100E37809 /* SpringAnimation.swift in Sources */ = {isa = PBXBuildFile; fileRef = 171EC5481FB6B00100E37809 /* SpringAnimation.swift */; };
		171EC5661FB6B00100E37809 /* UnwindSegue.swift in Sources */ = {isa = PBXBuildFile; fileRef = 171EC5491FB6B00100E37809 /* UnwindSegue.swift */; };
		171EC5671FB6B00100E37809 /* LoadingView.swift in Sources */ = {isa = PBXBuildFile; fileRef = 171EC54A1FB6B00100E37809 /* LoadingView.swift */; };
		171EC5681FB6B00100E37809 /* Info.plist in Resources */ = {isa = PBXBuildFile; fileRef = 171EC54B1FB6B00100E37809 /* Info.plist */; };
		171EC5691FB6B00100E37809 /* AsyncImageView.swift in Sources */ = {isa = PBXBuildFile; fileRef = 171EC54C1FB6B00100E37809 /* AsyncImageView.swift */; };
		171EC56B1FB6D1CC00E37809 /* Connection.swift in Sources */ = {isa = PBXBuildFile; fileRef = 171EC56A1FB6D1CC00E37809 /* Connection.swift */; };
		171EC56D1FB7E32900E37809 /* Message.swift in Sources */ = {isa = PBXBuildFile; fileRef = 171EC56C1FB7E32900E37809 /* Message.swift */; };
		171EC5711FB7E67400E37809 /* 1510320026274.png in Resources */ = {isa = PBXBuildFile; fileRef = 171EC5701FB7E67400E37809 /* 1510320026274.png */; };
		27B7FB821FB48BF1008364EF /* AppDelegate.swift in Sources */ = {isa = PBXBuildFile; fileRef = 27B7FB811FB48BF1008364EF /* AppDelegate.swift */; };
		27B7FB841FB48BF1008364EF /* ViewController.swift in Sources */ = {isa = PBXBuildFile; fileRef = 27B7FB831FB48BF1008364EF /* ViewController.swift */; };
		27B7FB871FB48BF1008364EF /* Main.storyboard in Resources */ = {isa = PBXBuildFile; fileRef = 27B7FB851FB48BF1008364EF /* Main.storyboard */; };
		27B7FB891FB48BF1008364EF /* Assets.xcassets in Resources */ = {isa = PBXBuildFile; fileRef = 27B7FB881FB48BF1008364EF /* Assets.xcassets */; };
		27B7FB8C1FB48BF1008364EF /* LaunchScreen.storyboard in Resources */ = {isa = PBXBuildFile; fileRef = 27B7FB8A1FB48BF1008364EF /* LaunchScreen.storyboard */; };
		27B7FB961FB48F9D008364EF /* Localizable.strings in Resources */ = {isa = PBXBuildFile; fileRef = 27B7FB981FB48F9D008364EF /* Localizable.strings */; };
		27B7FB9E1FB49EB8008364EF /* CandidateViewController.swift in Sources */ = {isa = PBXBuildFile; fileRef = 27B7FB9D1FB49EB8008364EF /* CandidateViewController.swift */; };
		D528FB340C6BF046BC01BDD1 /* Pods_FindIt.framework in Frameworks */ = {isa = PBXBuildFile; fileRef = 6926856F4079692F5D9B3A94 /* Pods_FindIt.framework */; };
/* End PBXBuildFile section */

/* Begin PBXFileReference section */
		0DDD57BF670EA3D70E585240 /* Pods-FindIt.debug.xcconfig */ = {isa = PBXFileReference; includeInIndex = 1; lastKnownFileType = text.xcconfig; name = "Pods-FindIt.debug.xcconfig"; path = "Pods/Target Support Files/Pods-FindIt/Pods-FindIt.debug.xcconfig"; sourceTree = "<group>"; };
		171EC52F1FB6B00100E37809 /* DesignableImageView.swift */ = {isa = PBXFileReference; fileEncoding = 4; lastKnownFileType = sourcecode.swift; path = DesignableImageView.swift; sourceTree = "<group>"; };
		171EC5301FB6B00100E37809 /* KeyboardLayoutConstraint.swift */ = {isa = PBXFileReference; fileEncoding = 4; lastKnownFileType = sourcecode.swift; path = KeyboardLayoutConstraint.swift; sourceTree = "<group>"; };
		171EC5311FB6B00100E37809 /* TransitionManager.swift */ = {isa = PBXFileReference; fileEncoding = 4; lastKnownFileType = sourcecode.swift; path = TransitionManager.swift; sourceTree = "<group>"; };
		171EC5321FB6B00100E37809 /* TransitionZoom.swift */ = {isa = PBXFileReference; fileEncoding = 4; lastKnownFileType = sourcecode.swift; path = TransitionZoom.swift; sourceTree = "<group>"; };
		171EC5331FB6B00100E37809 /* ImageLoader.swift */ = {isa = PBXFileReference; fileEncoding = 4; lastKnownFileType = sourcecode.swift; path = ImageLoader.swift; sourceTree = "<group>"; };
		171EC5341FB6B00100E37809 /* Spring.swift */ = {isa = PBXFileReference; fileEncoding = 4; lastKnownFileType = sourcecode.swift; path = Spring.swift; sourceTree = "<group>"; };
		171EC5351FB6B00100E37809 /* SpringImageView.swift */ = {isa = PBXFileReference; fileEncoding = 4; lastKnownFileType = sourcecode.swift; path = SpringImageView.swift; sourceTree = "<group>"; };
		171EC5361FB6B00100E37809 /* DesignableLabel.swift */ = {isa = PBXFileReference; fileEncoding = 4; lastKnownFileType = sourcecode.swift; path = DesignableLabel.swift; sourceTree = "<group>"; };
		171EC5371FB6B00100E37809 /* SoundPlayer.swift */ = {isa = PBXFileReference; fileEncoding = 4; lastKnownFileType = sourcecode.swift; path = SoundPlayer.swift; sourceTree = "<group>"; };
		171EC5381FB6B00100E37809 /* BlurView.swift */ = {isa = PBXFileReference; fileEncoding = 4; lastKnownFileType = sourcecode.swift; path = BlurView.swift; sourceTree = "<group>"; };
		171EC5391FB6B00100E37809 /* DesignableTextField.swift */ = {isa = PBXFileReference; fileEncoding = 4; lastKnownFileType = sourcecode.swift; path = DesignableTextField.swift; sourceTree = "<group>"; };
		171EC53A1FB6B00100E37809 /* SpringButton.swift */ = {isa = PBXFileReference; fileEncoding = 4; lastKnownFileType = sourcecode.swift; path = SpringButton.swift; sourceTree = "<group>"; };
		171EC53B1FB6B00100E37809 /* SpringTextView.swift */ = {isa = PBXFileReference; fileEncoding = 4; lastKnownFileType = sourcecode.swift; path = SpringTextView.swift; sourceTree = "<group>"; };
		171EC53C1FB6B00100E37809 /* Misc.swift */ = {isa = PBXFileReference; fileEncoding = 4; lastKnownFileType = sourcecode.swift; path = Misc.swift; sourceTree = "<group>"; };
		171EC53D1FB6B00100E37809 /* SpringView.swift */ = {isa = PBXFileReference; fileEncoding = 4; lastKnownFileType = sourcecode.swift; path = SpringView.swift; sourceTree = "<group>"; };
		171EC53E1FB6B00100E37809 /* DesignableButton.swift */ = {isa = PBXFileReference; fileEncoding = 4; lastKnownFileType = sourcecode.swift; path = DesignableButton.swift; sourceTree = "<group>"; };
		171EC53F1FB6B00100E37809 /* SpringTextField.swift */ = {isa = PBXFileReference; fileEncoding = 4; lastKnownFileType = sourcecode.swift; path = SpringTextField.swift; sourceTree = "<group>"; };
		171EC5401FB6B00100E37809 /* DesignableView.swift */ = {isa = PBXFileReference; fileEncoding = 4; lastKnownFileType = sourcecode.swift; path = DesignableView.swift; sourceTree = "<group>"; };
		171EC5411FB6B00100E37809 /* DesignableTabBarController.swift */ = {isa = PBXFileReference; fileEncoding = 4; lastKnownFileType = sourcecode.swift; path = DesignableTabBarController.swift; sourceTree = "<group>"; };
		171EC5421FB6B00100E37809 /* AsyncButton.swift */ = {isa = PBXFileReference; fileEncoding = 4; lastKnownFileType = sourcecode.swift; path = AsyncButton.swift; sourceTree = "<group>"; };
		171EC5431FB6B00100E37809 /* LoadingView.xib */ = {isa = PBXFileReference; fileEncoding = 4; lastKnownFileType = file.xib; path = LoadingView.xib; sourceTree = "<group>"; };
		171EC5441FB6B00100E37809 /* SpringLabel.swift */ = {isa = PBXFileReference; fileEncoding = 4; lastKnownFileType = sourcecode.swift; path = SpringLabel.swift; sourceTree = "<group>"; };
		171EC5451FB6B00100E37809 /* Spring.h */ = {isa = PBXFileReference; fileEncoding = 4; lastKnownFileType = sourcecode.c.h; path = Spring.h; sourceTree = "<group>"; };
		171EC5461FB6B00100E37809 /* DesignableTextView.swift */ = {isa = PBXFileReference; fileEncoding = 4; lastKnownFileType = sourcecode.swift; path = DesignableTextView.swift; sourceTree = "<group>"; };
		171EC5471FB6B00100E37809 /* AutoTextView.swift */ = {isa = PBXFileReference; fileEncoding = 4; lastKnownFileType = sourcecode.swift; path = AutoTextView.swift; sourceTree = "<group>"; };
		171EC5481FB6B00100E37809 /* SpringAnimation.swift */ = {isa = PBXFileReference; fileEncoding = 4; lastKnownFileType = sourcecode.swift; path = SpringAnimation.swift; sourceTree = "<group>"; };
		171EC5491FB6B00100E37809 /* UnwindSegue.swift */ = {isa = PBXFileReference; fileEncoding = 4; lastKnownFileType = sourcecode.swift; path = UnwindSegue.swift; sourceTree = "<group>"; };
		171EC54A1FB6B00100E37809 /* LoadingView.swift */ = {isa = PBXFileReference; fileEncoding = 4; lastKnownFileType = sourcecode.swift; path = LoadingView.swift; sourceTree = "<group>"; };
		171EC54B1FB6B00100E37809 /* Info.plist */ = {isa = PBXFileReference; fileEncoding = 4; lastKnownFileType = text.plist.xml; path = Info.plist; sourceTree = "<group>"; };
		171EC54C1FB6B00100E37809 /* AsyncImageView.swift */ = {isa = PBXFileReference; fileEncoding = 4; lastKnownFileType = sourcecode.swift; path = AsyncImageView.swift; sourceTree = "<group>"; };
		171EC56A1FB6D1CC00E37809 /* Connection.swift */ = {isa = PBXFileReference; lastKnownFileType = sourcecode.swift; path = Connection.swift; sourceTree = "<group>"; };
		171EC56C1FB7E32900E37809 /* Message.swift */ = {isa = PBXFileReference; lastKnownFileType = sourcecode.swift; path = Message.swift; sourceTree = "<group>"; };
		171EC5701FB7E67400E37809 /* 1510320026274.png */ = {isa = PBXFileReference; lastKnownFileType = image.png; path = 1510320026274.png; sourceTree = "<group>"; };
		27B7FB7E1FB48BF1008364EF /* FindIt.app */ = {isa = PBXFileReference; explicitFileType = wrapper.application; includeInIndex = 0; path = FindIt.app; sourceTree = BUILT_PRODUCTS_DIR; };
		27B7FB811FB48BF1008364EF /* AppDelegate.swift */ = {isa = PBXFileReference; lastKnownFileType = sourcecode.swift; path = AppDelegate.swift; sourceTree = "<group>"; };
		27B7FB831FB48BF1008364EF /* ViewController.swift */ = {isa = PBXFileReference; lastKnownFileType = sourcecode.swift; path = ViewController.swift; sourceTree = "<group>"; };
		27B7FB861FB48BF1008364EF /* Base */ = {isa = PBXFileReference; lastKnownFileType = file.storyboard; name = Base; path = Base.lproj/Main.storyboard; sourceTree = "<group>"; };
		27B7FB881FB48BF1008364EF /* Assets.xcassets */ = {isa = PBXFileReference; lastKnownFileType = folder.assetcatalog; path = Assets.xcassets; sourceTree = "<group>"; };
		27B7FB8B1FB48BF1008364EF /* Base */ = {isa = PBXFileReference; lastKnownFileType = file.storyboard; name = Base; path = Base.lproj/LaunchScreen.storyboard; sourceTree = "<group>"; };
		27B7FB8D1FB48BF1008364EF /* Info.plist */ = {isa = PBXFileReference; lastKnownFileType = text.plist.xml; path = Info.plist; sourceTree = "<group>"; };
		27B7FB971FB48F9D008364EF /* en */ = {isa = PBXFileReference; lastKnownFileType = text.plist.strings; name = en; path = en.lproj/Localizable.strings; sourceTree = "<group>"; };
		27B7FB991FB490AD008364EF /* ja */ = {isa = PBXFileReference; lastKnownFileType = text.plist.strings; name = ja; path = ja.lproj/Main.strings; sourceTree = "<group>"; };
		27B7FB9A1FB490AD008364EF /* ja */ = {isa = PBXFileReference; lastKnownFileType = text.plist.strings; name = ja; path = ja.lproj/LaunchScreen.strings; sourceTree = "<group>"; };
		27B7FB9B1FB490AD008364EF /* ja */ = {isa = PBXFileReference; lastKnownFileType = text.plist.strings; name = ja; path = ja.lproj/Localizable.strings; sourceTree = "<group>"; };
		27B7FB9C1FB493CE008364EF /* Base */ = {isa = PBXFileReference; lastKnownFileType = text.plist.strings; name = Base; path = Base.lproj/Localizable.strings; sourceTree = "<group>"; };
		27B7FB9D1FB49EB8008364EF /* CandidateViewController.swift */ = {isa = PBXFileReference; lastKnownFileType = sourcecode.swift; path = CandidateViewController.swift; sourceTree = "<group>"; };
		6926856F4079692F5D9B3A94 /* Pods_FindIt.framework */ = {isa = PBXFileReference; explicitFileType = wrapper.framework; includeInIndex = 0; path = Pods_FindIt.framework; sourceTree = BUILT_PRODUCTS_DIR; };
		C291109AE330D343B9CA6583 /* Pods-FindIt.release.xcconfig */ = {isa = PBXFileReference; includeInIndex = 1; lastKnownFileType = text.xcconfig; name = "Pods-FindIt.release.xcconfig"; path = "Pods/Target Support Files/Pods-FindIt/Pods-FindIt.release.xcconfig"; sourceTree = "<group>"; };
/* End PBXFileReference section */

/* Begin PBXFrameworksBuildPhase section */
		27B7FB7B1FB48BF1008364EF /* Frameworks */ = {
			isa = PBXFrameworksBuildPhase;
			buildActionMask = 2147483647;
			files = (
				D528FB340C6BF046BC01BDD1 /* Pods_FindIt.framework in Frameworks */,
			);
			runOnlyForDeploymentPostprocessing = 0;
		};
/* End PBXFrameworksBuildPhase section */

/* Begin PBXGroup section */
		171EC52D1FB6AFEF00E37809 /* Libs */ = {
			isa = PBXGroup;
			children = (
				171EC52E1FB6B00100E37809 /* Spring */,
			);
			path = Libs;
			sourceTree = "<group>";
		};
		171EC52E1FB6B00100E37809 /* Spring */ = {
			isa = PBXGroup;
			children = (
				171EC52F1FB6B00100E37809 /* DesignableImageView.swift */,
				171EC5301FB6B00100E37809 /* KeyboardLayoutConstraint.swift */,
				171EC5311FB6B00100E37809 /* TransitionManager.swift */,
				171EC5321FB6B00100E37809 /* TransitionZoom.swift */,
				171EC5331FB6B00100E37809 /* ImageLoader.swift */,
				171EC5341FB6B00100E37809 /* Spring.swift */,
				171EC5351FB6B00100E37809 /* SpringImageView.swift */,
				171EC5361FB6B00100E37809 /* DesignableLabel.swift */,
				171EC5371FB6B00100E37809 /* SoundPlayer.swift */,
				171EC5381FB6B00100E37809 /* BlurView.swift */,
				171EC5391FB6B00100E37809 /* DesignableTextField.swift */,
				171EC53A1FB6B00100E37809 /* SpringButton.swift */,
				171EC53B1FB6B00100E37809 /* SpringTextView.swift */,
				171EC53C1FB6B00100E37809 /* Misc.swift */,
				171EC53D1FB6B00100E37809 /* SpringView.swift */,
				171EC53E1FB6B00100E37809 /* DesignableButton.swift */,
				171EC53F1FB6B00100E37809 /* SpringTextField.swift */,
				171EC5401FB6B00100E37809 /* DesignableView.swift */,
				171EC5411FB6B00100E37809 /* DesignableTabBarController.swift */,
				171EC5421FB6B00100E37809 /* AsyncButton.swift */,
				171EC5431FB6B00100E37809 /* LoadingView.xib */,
				171EC5441FB6B00100E37809 /* SpringLabel.swift */,
				171EC5451FB6B00100E37809 /* Spring.h */,
				171EC5461FB6B00100E37809 /* DesignableTextView.swift */,
				171EC5471FB6B00100E37809 /* AutoTextView.swift */,
				171EC5481FB6B00100E37809 /* SpringAnimation.swift */,
				171EC5491FB6B00100E37809 /* UnwindSegue.swift */,
				171EC54A1FB6B00100E37809 /* LoadingView.swift */,
				171EC54B1FB6B00100E37809 /* Info.plist */,
				171EC54C1FB6B00100E37809 /* AsyncImageView.swift */,
			);
			path = Spring;
			sourceTree = "<group>";
		};
		171EC56E1FB7E39F00E37809 /* Model */ = {
			isa = PBXGroup;
			children = (
				171EC56A1FB6D1CC00E37809 /* Connection.swift */,
				171EC56C1FB7E32900E37809 /* Message.swift */,
			);
			path = Model;
			sourceTree = "<group>";
		};
		171EC56F1FB7E66000E37809 /* Images */ = {
			isa = PBXGroup;
			children = (
				171EC5701FB7E67400E37809 /* 1510320026274.png */,
			);
			path = Images;
			sourceTree = "<group>";
		};
		27B7FB751FB48BF1008364EF = {
			isa = PBXGroup;
			children = (
				27B7FB801FB48BF1008364EF /* FindIt */,
				27B7FB7F1FB48BF1008364EF /* Products */,
				A21E7D950E4C464CA86D38A9 /* Pods */,
				DFD3133DADA5008F3826EDC7 /* Frameworks */,
			);
			sourceTree = "<group>";
		};
		27B7FB7F1FB48BF1008364EF /* Products */ = {
			isa = PBXGroup;
			children = (
				27B7FB7E1FB48BF1008364EF /* FindIt.app */,
			);
			name = Products;
			sourceTree = "<group>";
		};
		27B7FB801FB48BF1008364EF /* FindIt */ = {
			isa = PBXGroup;
			children = (
				171EC56F1FB7E66000E37809 /* Images */,
				171EC56E1FB7E39F00E37809 /* Model */,
				171EC52D1FB6AFEF00E37809 /* Libs */,
				B896266E1FB5A8C9007BB91E /* View */,
				27B7FB931FB48F61008364EF /* strings */,
				27B7FB811FB48BF1008364EF /* AppDelegate.swift */,
				27B7FB851FB48BF1008364EF /* Main.storyboard */,
				27B7FB881FB48BF1008364EF /* Assets.xcassets */,
				27B7FB8A1FB48BF1008364EF /* LaunchScreen.storyboard */,
				27B7FB8D1FB48BF1008364EF /* Info.plist */,
			);
			path = FindIt;
			sourceTree = "<group>";
		};
		27B7FB931FB48F61008364EF /* strings */ = {
			isa = PBXGroup;
			children = (
				27B7FB981FB48F9D008364EF /* Localizable.strings */,
			);
			path = strings;
			sourceTree = "<group>";
		};
		A21E7D950E4C464CA86D38A9 /* Pods */ = {
			isa = PBXGroup;
			children = (
				0DDD57BF670EA3D70E585240 /* Pods-FindIt.debug.xcconfig */,
				C291109AE330D343B9CA6583 /* Pods-FindIt.release.xcconfig */,
			);
			name = Pods;
			sourceTree = "<group>";
		};
		B896266E1FB5A8C9007BB91E /* View */ = {
			isa = PBXGroup;
			children = (
				27B7FB831FB48BF1008364EF /* ViewController.swift */,
				27B7FB9D1FB49EB8008364EF /* CandidateViewController.swift */,
			);
			path = View;
			sourceTree = "<group>";
		};
		DFD3133DADA5008F3826EDC7 /* Frameworks */ = {
			isa = PBXGroup;
			children = (
				6926856F4079692F5D9B3A94 /* Pods_FindIt.framework */,
			);
			name = Frameworks;
			sourceTree = "<group>";
		};
/* End PBXGroup section */

/* Begin PBXNativeTarget section */
		27B7FB7D1FB48BF1008364EF /* FindIt */ = {
			isa = PBXNativeTarget;
			buildConfigurationList = 27B7FB901FB48BF1008364EF /* Build configuration list for PBXNativeTarget "FindIt" */;
			buildPhases = (
				35E539B55AE0B0F5B27AD80D /* [CP] Check Pods Manifest.lock */,
				27B7FB7A1FB48BF1008364EF /* Sources */,
				27B7FB7B1FB48BF1008364EF /* Frameworks */,
				27B7FB7C1FB48BF1008364EF /* Resources */,
				AF3B6143E278C9CADCA02B70 /* [CP] Embed Pods Frameworks */,
				6152B6AAEE7B3316C1843565 /* [CP] Copy Pods Resources */,
			);
			buildRules = (
			);
			dependencies = (
			);
			name = FindIt;
			productName = FindIt;
			productReference = 27B7FB7E1FB48BF1008364EF /* FindIt.app */;
			productType = "com.apple.product-type.application";
		};
/* End PBXNativeTarget section */

/* Begin PBXProject section */
		27B7FB761FB48BF1008364EF /* Project object */ = {
			isa = PBXProject;
			attributes = {
				LastSwiftUpdateCheck = 0910;
				LastUpgradeCheck = 0910;
				ORGANIZATIONNAME = "Koki Nagatani";
				TargetAttributes = {
					27B7FB7D1FB48BF1008364EF = {
						CreatedOnToolsVersion = 9.1;
						ProvisioningStyle = Automatic;
					};
				};
			};
			buildConfigurationList = 27B7FB791FB48BF1008364EF /* Build configuration list for PBXProject "FindIt" */;
			compatibilityVersion = "Xcode 8.0";
			developmentRegion = ja;
			hasScannedForEncodings = 0;
			knownRegions = (
				en,
				Base,
				ja,
			);
			mainGroup = 27B7FB751FB48BF1008364EF;
			productRefGroup = 27B7FB7F1FB48BF1008364EF /* Products */;
			projectDirPath = "";
			projectRoot = "";
			targets = (
				27B7FB7D1FB48BF1008364EF /* FindIt */,
			);
		};
/* End PBXProject section */

/* Begin PBXResourcesBuildPhase section */
		27B7FB7C1FB48BF1008364EF /* Resources */ = {
			isa = PBXResourcesBuildPhase;
			buildActionMask = 2147483647;
			files = (
				27B7FB961FB48F9D008364EF /* Localizable.strings in Resources */,
				27B7FB8C1FB48BF1008364EF /* LaunchScreen.storyboard in Resources */,
				171EC5681FB6B00100E37809 /* Info.plist in Resources */,
				27B7FB891FB48BF1008364EF /* Assets.xcassets in Resources */,
				27B7FB871FB48BF1008364EF /* Main.storyboard in Resources */,
				171EC5611FB6B00100E37809 /* LoadingView.xib in Resources */,
				171EC5711FB7E67400E37809 /* 1510320026274.png in Resources */,
			);
			runOnlyForDeploymentPostprocessing = 0;
		};
/* End PBXResourcesBuildPhase section */

/* Begin PBXShellScriptBuildPhase section */
		35E539B55AE0B0F5B27AD80D /* [CP] Check Pods Manifest.lock */ = {
			isa = PBXShellScriptBuildPhase;
			buildActionMask = 2147483647;
			files = (
			);
			inputPaths = (
				"${PODS_PODFILE_DIR_PATH}/Podfile.lock",
				"${PODS_ROOT}/Manifest.lock",
			);
			name = "[CP] Check Pods Manifest.lock";
			outputPaths = (
				"$(DERIVED_FILE_DIR)/Pods-FindIt-checkManifestLockResult.txt",
			);
			runOnlyForDeploymentPostprocessing = 0;
			shellPath = /bin/sh;
			shellScript = "diff \"${PODS_PODFILE_DIR_PATH}/Podfile.lock\" \"${PODS_ROOT}/Manifest.lock\" > /dev/null\nif [ $? != 0 ] ; then\n    # print error to STDERR\n    echo \"error: The sandbox is not in sync with the Podfile.lock. Run 'pod install' or update your CocoaPods installation.\" >&2\n    exit 1\nfi\n# This output is used by Xcode 'outputs' to avoid re-running this script phase.\necho \"SUCCESS\" > \"${SCRIPT_OUTPUT_FILE_0}\"\n";
			showEnvVarsInLog = 0;
		};
		6152B6AAEE7B3316C1843565 /* [CP] Copy Pods Resources */ = {
			isa = PBXShellScriptBuildPhase;
			buildActionMask = 2147483647;
			files = (
			);
			inputPaths = (
			);
			name = "[CP] Copy Pods Resources";
			outputPaths = (
			);
			runOnlyForDeploymentPostprocessing = 0;
			shellPath = /bin/sh;
			shellScript = "\"${SRCROOT}/Pods/Target Support Files/Pods-FindIt/Pods-FindIt-resources.sh\"\n";
			showEnvVarsInLog = 0;
		};
		AF3B6143E278C9CADCA02B70 /* [CP] Embed Pods Frameworks */ = {
			isa = PBXShellScriptBuildPhase;
			buildActionMask = 2147483647;
			files = (
			);
			inputPaths = (
				"${SRCROOT}/Pods/Target Support Files/Pods-FindIt/Pods-FindIt-frameworks.sh",
				"${BUILT_PRODUCTS_DIR}/Alamofire/Alamofire.framework",
				"${BUILT_PRODUCTS_DIR}/Koloda/Koloda.framework",
				"${BUILT_PRODUCTS_DIR}/SwiftyJSON/SwiftyJSON.framework",
				"${BUILT_PRODUCTS_DIR}/pop/pop.framework",
			);
			name = "[CP] Embed Pods Frameworks";
			outputPaths = (
				"${TARGET_BUILD_DIR}/${FRAMEWORKS_FOLDER_PATH}/Alamofire.framework",
				"${TARGET_BUILD_DIR}/${FRAMEWORKS_FOLDER_PATH}/Koloda.framework",
				"${TARGET_BUILD_DIR}/${FRAMEWORKS_FOLDER_PATH}/SwiftyJSON.framework",
				"${TARGET_BUILD_DIR}/${FRAMEWORKS_FOLDER_PATH}/pop.framework",
			);
			runOnlyForDeploymentPostprocessing = 0;
			shellPath = /bin/sh;
			shellScript = "\"${SRCROOT}/Pods/Target Support Files/Pods-FindIt/Pods-FindIt-frameworks.sh\"\n";
			showEnvVarsInLog = 0;
		};
/* End PBXShellScriptBuildPhase section */

/* Begin PBXSourcesBuildPhase section */
		27B7FB7A1FB48BF1008364EF /* Sources */ = {
			isa = PBXSourcesBuildPhase;
			buildActionMask = 2147483647;
			files = (
				171EC5591FB6B00100E37809 /* SpringTextView.swift in Sources */,
				171EC55B1FB6B00100E37809 /* SpringView.swift in Sources */,
				171EC5551FB6B00100E37809 /* SoundPlayer.swift in Sources */,
				171EC55C1FB6B00100E37809 /* DesignableButton.swift in Sources */,
				171EC5561FB6B00100E37809 /* BlurView.swift in Sources */,
				171EC5621FB6B00100E37809 /* SpringLabel.swift in Sources */,
				171EC55A1FB6B00100E37809 /* Misc.swift in Sources */,
				171EC55D1FB6B00100E37809 /* SpringTextField.swift in Sources */,
				27B7FB841FB48BF1008364EF /* ViewController.swift in Sources */,
				171EC54D1FB6B00100E37809 /* DesignableImageView.swift in Sources */,
				171EC54F1FB6B00100E37809 /* TransitionManager.swift in Sources */,
				171EC5651FB6B00100E37809 /* SpringAnimation.swift in Sources */,
				171EC5531FB6B00100E37809 /* SpringImageView.swift in Sources */,
				27B7FB821FB48BF1008364EF /* AppDelegate.swift in Sources */,
				171EC5571FB6B00100E37809 /* DesignableTextField.swift in Sources */,
				27B7FB9E1FB49EB8008364EF /* CandidateViewController.swift in Sources */,
				171EC5601FB6B00100E37809 /* AsyncButton.swift in Sources */,
				171EC55E1FB6B00100E37809 /* DesignableView.swift in Sources */,
				171EC55F1FB6B00100E37809 /* DesignableTabBarController.swift in Sources */,
				171EC5511FB6B00100E37809 /* ImageLoader.swift in Sources */,
				171EC5521FB6B00100E37809 /* Spring.swift in Sources */,
				171EC5641FB6B00100E37809 /* AutoTextView.swift in Sources */,
				171EC5671FB6B00100E37809 /* LoadingView.swift in Sources */,
				171EC5581FB6B00100E37809 /* SpringButton.swift in Sources */,
				171EC5661FB6B00100E37809 /* UnwindSegue.swift in Sources */,
				171EC54E1FB6B00100E37809 /* KeyboardLayoutConstraint.swift in Sources */,
				171EC56B1FB6D1CC00E37809 /* Connection.swift in Sources */,
				171EC56D1FB7E32900E37809 /* Message.swift in Sources */,
				171EC5631FB6B00100E37809 /* DesignableTextView.swift in Sources */,
				171EC5691FB6B00100E37809 /* AsyncImageView.swift in Sources */,
				171EC5541FB6B00100E37809 /* DesignableLabel.swift in Sources */,
				171EC5501FB6B00100E37809 /* TransitionZoom.swift in Sources */,
			);
			runOnlyForDeploymentPostprocessing = 0;
		};
/* End PBXSourcesBuildPhase section */

/* Begin PBXVariantGroup section */
		27B7FB851FB48BF1008364EF /* Main.storyboard */ = {
			isa = PBXVariantGroup;
			children = (
				27B7FB861FB48BF1008364EF /* Base */,
				27B7FB991FB490AD008364EF /* ja */,
			);
			name = Main.storyboard;
			sourceTree = "<group>";
		};
		27B7FB8A1FB48BF1008364EF /* LaunchScreen.storyboard */ = {
			isa = PBXVariantGroup;
			children = (
				27B7FB8B1FB48BF1008364EF /* Base */,
				27B7FB9A1FB490AD008364EF /* ja */,
			);
			name = LaunchScreen.storyboard;
			sourceTree = "<group>";
		};
		27B7FB981FB48F9D008364EF /* Localizable.strings */ = {
			isa = PBXVariantGroup;
			children = (
				27B7FB971FB48F9D008364EF /* en */,
				27B7FB9B1FB490AD008364EF /* ja */,
				27B7FB9C1FB493CE008364EF /* Base */,
			);
			name = Localizable.strings;
			sourceTree = "<group>";
		};
/* End PBXVariantGroup section */

/* Begin XCBuildConfiguration section */
		27B7FB8E1FB48BF1008364EF /* Debug */ = {
			isa = XCBuildConfiguration;
			buildSettings = {
				ALWAYS_SEARCH_USER_PATHS = NO;
				CLANG_ANALYZER_LOCALIZABILITY_NONLOCALIZED = YES;
				CLANG_ANALYZER_NONNULL = YES;
				CLANG_ANALYZER_NUMBER_OBJECT_CONVERSION = YES_AGGRESSIVE;
				CLANG_CXX_LANGUAGE_STANDARD = "gnu++14";
				CLANG_CXX_LIBRARY = "libc++";
				CLANG_ENABLE_MODULES = YES;
				CLANG_ENABLE_OBJC_ARC = YES;
				CLANG_WARN_BLOCK_CAPTURE_AUTORELEASING = YES;
				CLANG_WARN_BOOL_CONVERSION = YES;
				CLANG_WARN_COMMA = YES;
				CLANG_WARN_CONSTANT_CONVERSION = YES;
				CLANG_WARN_DIRECT_OBJC_ISA_USAGE = YES_ERROR;
				CLANG_WARN_DOCUMENTATION_COMMENTS = YES;
				CLANG_WARN_EMPTY_BODY = YES;
				CLANG_WARN_ENUM_CONVERSION = YES;
				CLANG_WARN_INFINITE_RECURSION = YES;
				CLANG_WARN_INT_CONVERSION = YES;
				CLANG_WARN_NON_LITERAL_NULL_CONVERSION = YES;
				CLANG_WARN_OBJC_LITERAL_CONVERSION = YES;
				CLANG_WARN_OBJC_ROOT_CLASS = YES_ERROR;
				CLANG_WARN_RANGE_LOOP_ANALYSIS = YES;
				CLANG_WARN_STRICT_PROTOTYPES = YES;
				CLANG_WARN_SUSPICIOUS_MOVE = YES;
				CLANG_WARN_UNGUARDED_AVAILABILITY = YES_AGGRESSIVE;
				CLANG_WARN_UNREACHABLE_CODE = YES;
				CLANG_WARN__DUPLICATE_METHOD_MATCH = YES;
				CODE_SIGN_IDENTITY = "iPhone Developer";
				COPY_PHASE_STRIP = NO;
				DEBUG_INFORMATION_FORMAT = dwarf;
				ENABLE_STRICT_OBJC_MSGSEND = YES;
				ENABLE_TESTABILITY = YES;
				GCC_C_LANGUAGE_STANDARD = gnu11;
				GCC_DYNAMIC_NO_PIC = NO;
				GCC_NO_COMMON_BLOCKS = YES;
				GCC_OPTIMIZATION_LEVEL = 0;
				GCC_PREPROCESSOR_DEFINITIONS = (
					"DEBUG=1",
					"$(inherited)",
				);
				GCC_WARN_64_TO_32_BIT_CONVERSION = YES;
				GCC_WARN_ABOUT_RETURN_TYPE = YES_ERROR;
				GCC_WARN_UNDECLARED_SELECTOR = YES;
				GCC_WARN_UNINITIALIZED_AUTOS = YES_AGGRESSIVE;
				GCC_WARN_UNUSED_FUNCTION = YES;
				GCC_WARN_UNUSED_VARIABLE = YES;
				IPHONEOS_DEPLOYMENT_TARGET = 10.0;
				MTL_ENABLE_DEBUG_INFO = YES;
				ONLY_ACTIVE_ARCH = YES;
				SDKROOT = iphoneos;
				SWIFT_ACTIVE_COMPILATION_CONDITIONS = DEBUG;
				SWIFT_OPTIMIZATION_LEVEL = "-Onone";
			};
			name = Debug;
		};
		27B7FB8F1FB48BF1008364EF /* Release */ = {
			isa = XCBuildConfiguration;
			buildSettings = {
				ALWAYS_SEARCH_USER_PATHS = NO;
				CLANG_ANALYZER_LOCALIZABILITY_NONLOCALIZED = YES;
				CLANG_ANALYZER_NONNULL = YES;
				CLANG_ANALYZER_NUMBER_OBJECT_CONVERSION = YES_AGGRESSIVE;
				CLANG_CXX_LANGUAGE_STANDARD = "gnu++14";
				CLANG_CXX_LIBRARY = "libc++";
				CLANG_ENABLE_MODULES = YES;
				CLANG_ENABLE_OBJC_ARC = YES;
				CLANG_WARN_BLOCK_CAPTURE_AUTORELEASING = YES;
				CLANG_WARN_BOOL_CONVERSION = YES;
				CLANG_WARN_COMMA = YES;
				CLANG_WARN_CONSTANT_CONVERSION = YES;
				CLANG_WARN_DIRECT_OBJC_ISA_USAGE = YES_ERROR;
				CLANG_WARN_DOCUMENTATION_COMMENTS = YES;
				CLANG_WARN_EMPTY_BODY = YES;
				CLANG_WARN_ENUM_CONVERSION = YES;
				CLANG_WARN_INFINITE_RECURSION = YES;
				CLANG_WARN_INT_CONVERSION = YES;
				CLANG_WARN_NON_LITERAL_NULL_CONVERSION = YES;
				CLANG_WARN_OBJC_LITERAL_CONVERSION = YES;
				CLANG_WARN_OBJC_ROOT_CLASS = YES_ERROR;
				CLANG_WARN_RANGE_LOOP_ANALYSIS = YES;
				CLANG_WARN_STRICT_PROTOTYPES = YES;
				CLANG_WARN_SUSPICIOUS_MOVE = YES;
				CLANG_WARN_UNGUARDED_AVAILABILITY = YES_AGGRESSIVE;
				CLANG_WARN_UNREACHABLE_CODE = YES;
				CLANG_WARN__DUPLICATE_METHOD_MATCH = YES;
				CODE_SIGN_IDENTITY = "iPhone Developer";
				COPY_PHASE_STRIP = NO;
				DEBUG_INFORMATION_FORMAT = "dwarf-with-dsym";
				ENABLE_NS_ASSERTIONS = NO;
				ENABLE_STRICT_OBJC_MSGSEND = YES;
				GCC_C_LANGUAGE_STANDARD = gnu11;
				GCC_NO_COMMON_BLOCKS = YES;
				GCC_WARN_64_TO_32_BIT_CONVERSION = YES;
				GCC_WARN_ABOUT_RETURN_TYPE = YES_ERROR;
				GCC_WARN_UNDECLARED_SELECTOR = YES;
				GCC_WARN_UNINITIALIZED_AUTOS = YES_AGGRESSIVE;
				GCC_WARN_UNUSED_FUNCTION = YES;
				GCC_WARN_UNUSED_VARIABLE = YES;
				IPHONEOS_DEPLOYMENT_TARGET = 10.0;
				MTL_ENABLE_DEBUG_INFO = NO;
				SDKROOT = iphoneos;
				SWIFT_OPTIMIZATION_LEVEL = "-Owholemodule";
				VALIDATE_PRODUCT = YES;
			};
			name = Release;
		};
		27B7FB911FB48BF1008364EF /* Debug */ = {
			isa = XCBuildConfiguration;
			baseConfigurationReference = 0DDD57BF670EA3D70E585240 /* Pods-FindIt.debug.xcconfig */;
			buildSettings = {
				ASSETCATALOG_COMPILER_APPICON_NAME = AppIcon;
				CODE_SIGN_STYLE = Automatic;
				DEVELOPMENT_TEAM = HUS44GT5UN;
				INFOPLIST_FILE = FindIt/Info.plist;
				IPHONEOS_DEPLOYMENT_TARGET = 10.0;
				LD_RUNPATH_SEARCH_PATHS = "$(inherited) @executable_path/Frameworks";
				PRODUCT_BUNDLE_IDENTIFIER = com.hackathon.FindIt;
				PRODUCT_NAME = "$(TARGET_NAME)";
				SWIFT_VERSION = 4.0;
				TARGETED_DEVICE_FAMILY = "1,2";
			};
			name = Debug;
		};
		27B7FB921FB48BF1008364EF /* Release */ = {
			isa = XCBuildConfiguration;
			baseConfigurationReference = C291109AE330D343B9CA6583 /* Pods-FindIt.release.xcconfig */;
			buildSettings = {
				ASSETCATALOG_COMPILER_APPICON_NAME = AppIcon;
				CODE_SIGN_STYLE = Automatic;
				DEVELOPMENT_TEAM = HUS44GT5UN;
				INFOPLIST_FILE = FindIt/Info.plist;
				IPHONEOS_DEPLOYMENT_TARGET = 10.0;
				LD_RUNPATH_SEARCH_PATHS = "$(inherited) @executable_path/Frameworks";
				PRODUCT_BUNDLE_IDENTIFIER = com.hackathon.FindIt;
				PRODUCT_NAME = "$(TARGET_NAME)";
				SWIFT_VERSION = 4.0;
				TARGETED_DEVICE_FAMILY = "1,2";
			};
			name = Release;
		};
/* End XCBuildConfiguration section */

/* Begin XCConfigurationList section */
		27B7FB791FB48BF1008364EF /* Build configuration list for PBXProject "FindIt" */ = {
			isa = XCConfigurationList;
			buildConfigurations = (
				27B7FB8E1FB48BF1008364EF /* Debug */,
				27B7FB8F1FB48BF1008364EF /* Release */,
			);
			defaultConfigurationIsVisible = 0;
			defaultConfigurationName = Release;
		};
		27B7FB901FB48BF1008364EF /* Build configuration list for PBXNativeTarget "FindIt" */ = {
			isa = XCConfigurationList;
			buildConfigurations = (
				27B7FB911FB48BF1008364EF /* Debug */,
				27B7FB921FB48BF1008364EF /* Release */,
			);
			defaultConfigurationIsVisible = 0;
			defaultConfigurationName = Release;
		};
/* End XCConfigurationList section */
	};
	rootObject = 27B7FB761FB48BF1008364EF /* Project object */;
}
