// !$*UTF8*$!
{
	archiveVersion = 1;
	classes = {
	};
	objectVersion = 48;
	objects = {

/* Begin PBXBuildFile section */
		27B7FB821FB48BF1008364EF /* AppDelegate.swift in Sources */ = {isa = PBXBuildFile; fileRef = 27B7FB811FB48BF1008364EF /* AppDelegate.swift */; };
		27B7FB841FB48BF1008364EF /* ViewController.swift in Sources */ = {isa = PBXBuildFile; fileRef = 27B7FB831FB48BF1008364EF /* ViewController.swift */; };
		27B7FB871FB48BF1008364EF /* Main.storyboard in Resources */ = {isa = PBXBuildFile; fileRef = 27B7FB851FB48BF1008364EF /* Main.storyboard */; };
		27B7FB891FB48BF1008364EF /* Assets.xcassets in Resources */ = {isa = PBXBuildFile; fileRef = 27B7FB881FB48BF1008364EF /* Assets.xcassets */; };
		27B7FB8C1FB48BF1008364EF /* LaunchScreen.storyboard in Resources */ = {isa = PBXBuildFile; fileRef = 27B7FB8A1FB48BF1008364EF /* LaunchScreen.storyboard */; };
		27B7FB961FB48F9D008364EF /* Localizable.strings in Resources */ = {isa = PBXBuildFile; fileRef = 27B7FB981FB48F9D008364EF /* Localizable.strings */; };
		27B7FB9E1FB49EB8008364EF /* CandidateViewController.swift in Sources */ = {isa = PBXBuildFile; fileRef = 27B7FB9D1FB49EB8008364EF /* CandidateViewController.swift */; };
		B896266D1FB59A24007BB91E /* SubViewController.swift in Sources */ = {isa = PBXBuildFile; fileRef = B896266C1FB59A24007BB91E /* SubViewController.swift */; };
		D528FB340C6BF046BC01BDD1 /* Pods_FindIt.framework in Frameworks */ = {isa = PBXBuildFile; fileRef = 6926856F4079692F5D9B3A94 /* Pods_FindIt.framework */; };
/* End PBXBuildFile section */

/* Begin PBXFileReference section */
		0DDD57BF670EA3D70E585240 /* Pods-FindIt.debug.xcconfig */ = {isa = PBXFileReference; includeInIndex = 1; lastKnownFileType = text.xcconfig; name = "Pods-FindIt.debug.xcconfig"; path = "Pods/Target Support Files/Pods-FindIt/Pods-FindIt.debug.xcconfig"; sourceTree = "<group>"; };
		27B7FB7E1FB48BF1008364EF /* FindIt.app */ = {isa = PBXFileReference; explicitFileType = wrapper.application; includeInIndex = 0; path = FindIt.app; sourceTree = BUILT_PRODUCTS_DIR; };
		27B7FB811FB48BF1008364EF /* AppDelegate.swift */ = {isa = PBXFileReference; lastKnownFileType = sourcecode.swift; path = AppDelegate.swift; sourceTree = "<group>"; };
		27B7FB831FB48BF1008364EF /* ViewController.swift */ = {isa = PBXFileReference; lastKnownFileType = sourcecode.swift; path = ViewController.swift; sourceTree = "<group>"; };
		27B7FB861FB48BF1008364EF /* Base */ = {isa = PBXFileReference; lastKnownFileType = file.storyboard; name = Base; path = Base.lproj/Main.storyboard; sourceTree = "<group>"; };
		27B7FB881FB48BF1008364EF /* Assets.xcassets */ = {isa = PBXFileReference; lastKnownFileType = folder.assetcatalog; path = Assets.xcassets; sourceTree = "<group>"; };
		27B7FB8B1FB48BF1008364EF /* Base */ = {isa = PBXFileReference; lastKnownFileType = file.storyboard; name = Base; path = Base.lproj/LaunchScreen.storyboard; sourceTree = "<group>"; };
		27B7FB8D1FB48BF1008364EF /* Info.plist */ = {isa = PBXFileReference; lastKnownFileType = text.plist.xml; path = Info.plist; sourceTree = "<group>"; };
		27B7FB971FB48F9D008364EF /* en */ = {isa = PBXFileReference; lastKnownFileType = text.plist.strings; name = en; path = en.lproj/Localizable.strings; sourceTree = "<group>"; };
		27B7FB991FB490AD008364EF /* ja */ = {isa = PBXFileReference; lastKnownFileType = text.plist.strings; name = ja; path = ja.lproj/Main.strings; sourceTree = "<group>"; };
		27B7FB9A1FB490AD008364EF /* ja */ = {isa = PBXFileReference; lastKnownFileType = text.plist.strings; name = ja; path = ja.lproj/LaunchScreen.strings; sourceTree = "<group>"; };
		27B7FB9B1FB490AD008364EF /* ja */ = {isa = PBXFileReference; lastKnownFileType = text.plist.strings; name = ja; path = ja.lproj/Localizable.strings; sourceTree = "<group>"; };
		27B7FB9C1FB493CE008364EF /* Base */ = {isa = PBXFileReference; lastKnownFileType = text.plist.strings; name = Base; path = Base.lproj/Localizable.strings; sourceTree = "<group>"; };
		27B7FB9D1FB49EB8008364EF /* CandidateViewController.swift */ = {isa = PBXFileReference; lastKnownFileType = sourcecode.swift; path = CandidateViewController.swift; sourceTree = "<group>"; };
		6926856F4079692F5D9B3A94 /* Pods_FindIt.framework */ = {isa = PBXFileReference; explicitFileType = wrapper.framework; includeInIndex = 0; path = Pods_FindIt.framework; sourceTree = BUILT_PRODUCTS_DIR; };
		B896266C1FB59A24007BB91E /* SubViewController.swift */ = {isa = PBXFileReference; lastKnownFileType = sourcecode.swift; path = SubViewController.swift; sourceTree = "<group>"; };
		C291109AE330D343B9CA6583 /* Pods-FindIt.release.xcconfig */ = {isa = PBXFileReference; includeInIndex = 1; lastKnownFileType = text.xcconfig; name = "Pods-FindIt.release.xcconfig"; path = "Pods/Target Support Files/Pods-FindIt/Pods-FindIt.release.xcconfig"; sourceTree = "<group>"; };
/* End PBXFileReference section */

/* Begin PBXFrameworksBuildPhase section */
		27B7FB7B1FB48BF1008364EF /* Frameworks */ = {
			isa = PBXFrameworksBuildPhase;
			buildActionMask = 2147483647;
			files = (
				D528FB340C6BF046BC01BDD1 /* Pods_FindIt.framework in Frameworks */,
			);
			runOnlyForDeploymentPostprocessing = 0;
		};
/* End PBXFrameworksBuildPhase section */

/* Begin PBXGroup section */
		27B7FB751FB48BF1008364EF = {
			isa = PBXGroup;
			children = (
				27B7FB801FB48BF1008364EF /* FindIt */,
				27B7FB7F1FB48BF1008364EF /* Products */,
				A21E7D950E4C464CA86D38A9 /* Pods */,
				DFD3133DADA5008F3826EDC7 /* Frameworks */,
			);
			sourceTree = "<group>";
		};
		27B7FB7F1FB48BF1008364EF /* Products */ = {
			isa = PBXGroup;
			children = (
				27B7FB7E1FB48BF1008364EF /* FindIt.app */,
			);
			name = Products;
			sourceTree = "<group>";
		};
		27B7FB801FB48BF1008364EF /* FindIt */ = {
			isa = PBXGroup;
			children = (
				B896266E1FB5A8C9007BB91E /* View */,
				27B7FB931FB48F61008364EF /* strings */,
				27B7FB811FB48BF1008364EF /* AppDelegate.swift */,
				27B7FB831FB48BF1008364EF /* ViewController.swift */,
				27B7FB851FB48BF1008364EF /* Main.storyboard */,
				27B7FB881FB48BF1008364EF /* Assets.xcassets */,
				27B7FB8A1FB48BF1008364EF /* LaunchScreen.storyboard */,
				27B7FB8D1FB48BF1008364EF /* Info.plist */,
				27B7FB9D1FB49EB8008364EF /* CandidateViewController.swift */,
				B896266C1FB59A24007BB91E /* SubViewController.swift */,
			);
			path = FindIt;
			sourceTree = "<group>";
		};
		27B7FB931FB48F61008364EF /* strings */ = {
			isa = PBXGroup;
			children = (
				27B7FB981FB48F9D008364EF /* Localizable.strings */,
			);
			path = strings;
			sourceTree = "<group>";
		};
		A21E7D950E4C464CA86D38A9 /* Pods */ = {
			isa = PBXGroup;
			children = (
				0DDD57BF670EA3D70E585240 /* Pods-FindIt.debug.xcconfig */,
				C291109AE330D343B9CA6583 /* Pods-FindIt.release.xcconfig */,
			);
			name = Pods;
			sourceTree = "<group>";
		};
		B896266E1FB5A8C9007BB91E /* View */ = {
			isa = PBXGroup;
			children = (
			);
			path = View;
			sourceTree = "<group>";
		};
		DFD3133DADA5008F3826EDC7 /* Frameworks */ = {
			isa = PBXGroup;
			children = (
				6926856F4079692F5D9B3A94 /* Pods_FindIt.framework */,
			);
			name = Frameworks;
			sourceTree = "<group>";
		};
/* End PBXGroup section */

/* Begin PBXNativeTarget section */
		27B7FB7D1FB48BF1008364EF /* FindIt */ = {
			isa = PBXNativeTarget;
			buildConfigurationList = 27B7FB901FB48BF1008364EF /* Build configuration list for PBXNativeTarget "FindIt" */;
			buildPhases = (
				35E539B55AE0B0F5B27AD80D /* [CP] Check Pods Manifest.lock */,
				27B7FB7A1FB48BF1008364EF /* Sources */,
				27B7FB7B1FB48BF1008364EF /* Frameworks */,
				27B7FB7C1FB48BF1008364EF /* Resources */,
				AF3B6143E278C9CADCA02B70 /* [CP] Embed Pods Frameworks */,
				6152B6AAEE7B3316C1843565 /* [CP] Copy Pods Resources */,
			);
			buildRules = (
			);
			dependencies = (
			);
			name = FindIt;
			productName = FindIt;
			productReference = 27B7FB7E1FB48BF1008364EF /* FindIt.app */;
			productType = "com.apple.product-type.application";
		};
/* End PBXNativeTarget section */

/* Begin PBXProject section */
		27B7FB761FB48BF1008364EF /* Project object */ = {
			isa = PBXProject;
			attributes = {
				LastSwiftUpdateCheck = 0910;
				LastUpgradeCheck = 0910;
				ORGANIZATIONNAME = "Koki Nagatani";
				TargetAttributes = {
					27B7FB7D1FB48BF1008364EF = {
						CreatedOnToolsVersion = 9.1;
						ProvisioningStyle = Automatic;
					};
				};
			};
			buildConfigurationList = 27B7FB791FB48BF1008364EF /* Build configuration list for PBXProject "FindIt" */;
			compatibilityVersion = "Xcode 8.0";
			developmentRegion = ja;
			hasScannedForEncodings = 0;
			knownRegions = (
				en,
				Base,
				ja,
			);
			mainGroup = 27B7FB751FB48BF1008364EF;
			productRefGroup = 27B7FB7F1FB48BF1008364EF /* Products */;
			projectDirPath = "";
			projectRoot = "";
			targets = (
				27B7FB7D1FB48BF1008364EF /* FindIt */,
			);
		};
/* End PBXProject section */

/* Begin PBXResourcesBuildPhase section */
		27B7FB7C1FB48BF1008364EF /* Resources */ = {
			isa = PBXResourcesBuildPhase;
			buildActionMask = 2147483647;
			files = (
				27B7FB961FB48F9D008364EF /* Localizable.strings in Resources */,
				27B7FB8C1FB48BF1008364EF /* LaunchScreen.storyboard in Resources */,
				27B7FB891FB48BF1008364EF /* Assets.xcassets in Resources */,
				27B7FB871FB48BF1008364EF /* Main.storyboard in Resources */,
			);
			runOnlyForDeploymentPostprocessing = 0;
		};
/* End PBXResourcesBuildPhase section */

/* Begin PBXShellScriptBuildPhase section */
		35E539B55AE0B0F5B27AD80D /* [CP] Check Pods Manifest.lock */ = {
			isa = PBXShellScriptBuildPhase;
			buildActionMask = 2147483647;
			files = (
			);
			inputPaths = (
				"${PODS_PODFILE_DIR_PATH}/Podfile.lock",
				"${PODS_ROOT}/Manifest.lock",
			);
			name = "[CP] Check Pods Manifest.lock";
			outputPaths = (
				"$(DERIVED_FILE_DIR)/Pods-FindIt-checkManifestLockResult.txt",
			);
			runOnlyForDeploymentPostprocessing = 0;
			shellPath = /bin/sh;
			shellScript = "diff \"${PODS_PODFILE_DIR_PATH}/Podfile.lock\" \"${PODS_ROOT}/Manifest.lock\" > /dev/null\nif [ $? != 0 ] ; then\n    # print error to STDERR\n    echo \"error: The sandbox is not in sync with the Podfile.lock. Run 'pod install' or update your CocoaPods installation.\" >&2\n    exit 1\nfi\n# This output is used by Xcode 'outputs' to avoid re-running this script phase.\necho \"SUCCESS\" > \"${SCRIPT_OUTPUT_FILE_0}\"\n";
			showEnvVarsInLog = 0;
		};
		6152B6AAEE7B3316C1843565 /* [CP] Copy Pods Resources */ = {
			isa = PBXShellScriptBuildPhase;
			buildActionMask = 2147483647;
			files = (
			);
			inputPaths = (
			);
			name = "[CP] Copy Pods Resources";
			outputPaths = (
			);
			runOnlyForDeploymentPostprocessing = 0;
			shellPath = /bin/sh;
			shellScript = "\"${SRCROOT}/Pods/Target Support Files/Pods-FindIt/Pods-FindIt-resources.sh\"\n";
			showEnvVarsInLog = 0;
		};
		AF3B6143E278C9CADCA02B70 /* [CP] Embed Pods Frameworks */ = {
			isa = PBXShellScriptBuildPhase;
			buildActionMask = 2147483647;
			files = (
			);
			inputPaths = (
				"${SRCROOT}/Pods/Target Support Files/Pods-FindIt/Pods-FindIt-frameworks.sh",
				"${BUILT_PRODUCTS_DIR}/Koloda/Koloda.framework",
				"${BUILT_PRODUCTS_DIR}/pop/pop.framework",
			);
			name = "[CP] Embed Pods Frameworks";
			outputPaths = (
				"${TARGET_BUILD_DIR}/${FRAMEWORKS_FOLDER_PATH}/Koloda.framework",
				"${TARGET_BUILD_DIR}/${FRAMEWORKS_FOLDER_PATH}/pop.framework",
			);
			runOnlyForDeploymentPostprocessing = 0;
			shellPath = /bin/sh;
			shellScript = "\"${SRCROOT}/Pods/Target Support Files/Pods-FindIt/Pods-FindIt-frameworks.sh\"\n";
			showEnvVarsInLog = 0;
		};
/* End PBXShellScriptBuildPhase section */

/* Begin PBXSourcesBuildPhase section */
		27B7FB7A1FB48BF1008364EF /* Sources */ = {
			isa = PBXSourcesBuildPhase;
			buildActionMask = 2147483647;
			files = (
				27B7FB841FB48BF1008364EF /* ViewController.swift in Sources */,
				27B7FB821FB48BF1008364EF /* AppDelegate.swift in Sources */,
				27B7FB9E1FB49EB8008364EF /* CandidateViewController.swift in Sources */,
				B896266D1FB59A24007BB91E /* SubViewController.swift in Sources */,
			);
			runOnlyForDeploymentPostprocessing = 0;
		};
/* End PBXSourcesBuildPhase section */

/* Begin PBXVariantGroup section */
		27B7FB851FB48BF1008364EF /* Main.storyboard */ = {
			isa = PBXVariantGroup;
			children = (
				27B7FB861FB48BF1008364EF /* Base */,
				27B7FB991FB490AD008364EF /* ja */,
			);
			name = Main.storyboard;
			sourceTree = "<group>";
		};
		27B7FB8A1FB48BF1008364EF /* LaunchScreen.storyboard */ = {
			isa = PBXVariantGroup;
			children = (
				27B7FB8B1FB48BF1008364EF /* Base */,
				27B7FB9A1FB490AD008364EF /* ja */,
			);
			name = LaunchScreen.storyboard;
			sourceTree = "<group>";
		};
		27B7FB981FB48F9D008364EF /* Localizable.strings */ = {
			isa = PBXVariantGroup;
			children = (
				27B7FB971FB48F9D008364EF /* en */,
				27B7FB9B1FB490AD008364EF /* ja */,
				27B7FB9C1FB493CE008364EF /* Base */,
			);
			name = Localizable.strings;
			sourceTree = "<group>";
		};
/* End PBXVariantGroup section */

/* Begin XCBuildConfiguration section */
		27B7FB8E1FB48BF1008364EF /* Debug */ = {
			isa = XCBuildConfiguration;
			buildSettings = {
				ALWAYS_SEARCH_USER_PATHS = NO;
				CLANG_ANALYZER_LOCALIZABILITY_NONLOCALIZED = YES;
				CLANG_ANALYZER_NONNULL = YES;
				CLANG_ANALYZER_NUMBER_OBJECT_CONVERSION = YES_AGGRESSIVE;
				CLANG_CXX_LANGUAGE_STANDARD = "gnu++14";
				CLANG_CXX_LIBRARY = "libc++";
				CLANG_ENABLE_MODULES = YES;
				CLANG_ENABLE_OBJC_ARC = YES;
				CLANG_WARN_BLOCK_CAPTURE_AUTORELEASING = YES;
				CLANG_WARN_BOOL_CONVERSION = YES;
				CLANG_WARN_COMMA = YES;
				CLANG_WARN_CONSTANT_CONVERSION = YES;
				CLANG_WARN_DIRECT_OBJC_ISA_USAGE = YES_ERROR;
				CLANG_WARN_DOCUMENTATION_COMMENTS = YES;
				CLANG_WARN_EMPTY_BODY = YES;
				CLANG_WARN_ENUM_CONVERSION = YES;
				CLANG_WARN_INFINITE_RECURSION = YES;
				CLANG_WARN_INT_CONVERSION = YES;
				CLANG_WARN_NON_LITERAL_NULL_CONVERSION = YES;
				CLANG_WARN_OBJC_LITERAL_CONVERSION = YES;
				CLANG_WARN_OBJC_ROOT_CLASS = YES_ERROR;
				CLANG_WARN_RANGE_LOOP_ANALYSIS = YES;
				CLANG_WARN_STRICT_PROTOTYPES = YES;
				CLANG_WARN_SUSPICIOUS_MOVE = YES;
				CLANG_WARN_UNGUARDED_AVAILABILITY = YES_AGGRESSIVE;
				CLANG_WARN_UNREACHABLE_CODE = YES;
				CLANG_WARN__DUPLICATE_METHOD_MATCH = YES;
				CODE_SIGN_IDENTITY = "iPhone Developer";
				COPY_PHASE_STRIP = NO;
				DEBUG_INFORMATION_FORMAT = dwarf;
				ENABLE_STRICT_OBJC_MSGSEND = YES;
				ENABLE_TESTABILITY = YES;
				GCC_C_LANGUAGE_STANDARD = gnu11;
				GCC_DYNAMIC_NO_PIC = NO;
				GCC_NO_COMMON_BLOCKS = YES;
				GCC_OPTIMIZATION_LEVEL = 0;
				GCC_PREPROCESSOR_DEFINITIONS = (
					"DEBUG=1",
					"$(inherited)",
				);
				GCC_WARN_64_TO_32_BIT_CONVERSION = YES;
				GCC_WARN_ABOUT_RETURN_TYPE = YES_ERROR;
				GCC_WARN_UNDECLARED_SELECTOR = YES;
				GCC_WARN_UNINITIALIZED_AUTOS = YES_AGGRESSIVE;
				GCC_WARN_UNUSED_FUNCTION = YES;
				GCC_WARN_UNUSED_VARIABLE = YES;
				IPHONEOS_DEPLOYMENT_TARGET = 10.0;
				MTL_ENABLE_DEBUG_INFO = YES;
				ONLY_ACTIVE_ARCH = YES;
				SDKROOT = iphoneos;
				SWIFT_ACTIVE_COMPILATION_CONDITIONS = DEBUG;
				SWIFT_OPTIMIZATION_LEVEL = "-Onone";
			};
			name = Debug;
		};
		27B7FB8F1FB48BF1008364EF /* Release */ = {
			isa = XCBuildConfiguration;
			buildSettings = {
				ALWAYS_SEARCH_USER_PATHS = NO;
				CLANG_ANALYZER_LOCALIZABILITY_NONLOCALIZED = YES;
				CLANG_ANALYZER_NONNULL = YES;
				CLANG_ANALYZER_NUMBER_OBJECT_CONVERSION = YES_AGGRESSIVE;
				CLANG_CXX_LANGUAGE_STANDARD = "gnu++14";
				CLANG_CXX_LIBRARY = "libc++";
				CLANG_ENABLE_MODULES = YES;
				CLANG_ENABLE_OBJC_ARC = YES;
				CLANG_WARN_BLOCK_CAPTURE_AUTORELEASING = YES;
				CLANG_WARN_BOOL_CONVERSION = YES;
				CLANG_WARN_COMMA = YES;
				CLANG_WARN_CONSTANT_CONVERSION = YES;
				CLANG_WARN_DIRECT_OBJC_ISA_USAGE = YES_ERROR;
				CLANG_WARN_DOCUMENTATION_COMMENTS = YES;
				CLANG_WARN_EMPTY_BODY = YES;
				CLANG_WARN_ENUM_CONVERSION = YES;
				CLANG_WARN_INFINITE_RECURSION = YES;
				CLANG_WARN_INT_CONVERSION = YES;
				CLANG_WARN_NON_LITERAL_NULL_CONVERSION = YES;
				CLANG_WARN_OBJC_LITERAL_CONVERSION = YES;
				CLANG_WARN_OBJC_ROOT_CLASS = YES_ERROR;
				CLANG_WARN_RANGE_LOOP_ANALYSIS = YES;
				CLANG_WARN_STRICT_PROTOTYPES = YES;
				CLANG_WARN_SUSPICIOUS_MOVE = YES;
				CLANG_WARN_UNGUARDED_AVAILABILITY = YES_AGGRESSIVE;
				CLANG_WARN_UNREACHABLE_CODE = YES;
				CLANG_WARN__DUPLICATE_METHOD_MATCH = YES;
				CODE_SIGN_IDENTITY = "iPhone Developer";
				COPY_PHASE_STRIP = NO;
				DEBUG_INFORMATION_FORMAT = "dwarf-with-dsym";
				ENABLE_NS_ASSERTIONS = NO;
				ENABLE_STRICT_OBJC_MSGSEND = YES;
				GCC_C_LANGUAGE_STANDARD = gnu11;
				GCC_NO_COMMON_BLOCKS = YES;
				GCC_WARN_64_TO_32_BIT_CONVERSION = YES;
				GCC_WARN_ABOUT_RETURN_TYPE = YES_ERROR;
				GCC_WARN_UNDECLARED_SELECTOR = YES;
				GCC_WARN_UNINITIALIZED_AUTOS = YES_AGGRESSIVE;
				GCC_WARN_UNUSED_FUNCTION = YES;
				GCC_WARN_UNUSED_VARIABLE = YES;
				IPHONEOS_DEPLOYMENT_TARGET = 10.0;
				MTL_ENABLE_DEBUG_INFO = NO;
				SDKROOT = iphoneos;
				SWIFT_OPTIMIZATION_LEVEL = "-Owholemodule";
				VALIDATE_PRODUCT = YES;
			};
			name = Release;
		};
		27B7FB911FB48BF1008364EF /* Debug */ = {
			isa = XCBuildConfiguration;
			baseConfigurationReference = 0DDD57BF670EA3D70E585240 /* Pods-FindIt.debug.xcconfig */;
			buildSettings = {
				ASSETCATALOG_COMPILER_APPICON_NAME = AppIcon;
				CODE_SIGN_STYLE = Automatic;
				DEVELOPMENT_TEAM = HUS44GT5UN;
				INFOPLIST_FILE = FindIt/Info.plist;
				IPHONEOS_DEPLOYMENT_TARGET = 10.0;
				LD_RUNPATH_SEARCH_PATHS = "$(inherited) @executable_path/Frameworks";
				PRODUCT_BUNDLE_IDENTIFIER = com.hackathon.FindIt;
				PRODUCT_NAME = "$(TARGET_NAME)";
				SWIFT_VERSION = 4.0;
				TARGETED_DEVICE_FAMILY = "1,2";
			};
			name = Debug;
		};
		27B7FB921FB48BF1008364EF /* Release */ = {
			isa = XCBuildConfiguration;
			baseConfigurationReference = C291109AE330D343B9CA6583 /* Pods-FindIt.release.xcconfig */;
			buildSettings = {
				ASSETCATALOG_COMPILER_APPICON_NAME = AppIcon;
				CODE_SIGN_STYLE = Automatic;
				DEVELOPMENT_TEAM = HUS44GT5UN;
				INFOPLIST_FILE = FindIt/Info.plist;
				IPHONEOS_DEPLOYMENT_TARGET = 10.0;
				LD_RUNPATH_SEARCH_PATHS = "$(inherited) @executable_path/Frameworks";
				PRODUCT_BUNDLE_IDENTIFIER = com.hackathon.FindIt;
				PRODUCT_NAME = "$(TARGET_NAME)";
				SWIFT_VERSION = 4.0;
				TARGETED_DEVICE_FAMILY = "1,2";
			};
			name = Release;
		};
/* End XCBuildConfiguration section */

/* Begin XCConfigurationList section */
		27B7FB791FB48BF1008364EF /* Build configuration list for PBXProject "FindIt" */ = {
			isa = XCConfigurationList;
			buildConfigurations = (
				27B7FB8E1FB48BF1008364EF /* Debug */,
				27B7FB8F1FB48BF1008364EF /* Release */,
			);
			defaultConfigurationIsVisible = 0;
			defaultConfigurationName = Release;
		};
		27B7FB901FB48BF1008364EF /* Build configuration list for PBXNativeTarget "FindIt" */ = {
			isa = XCConfigurationList;
			buildConfigurations = (
				27B7FB911FB48BF1008364EF /* Debug */,
				27B7FB921FB48BF1008364EF /* Release */,
			);
			defaultConfigurationIsVisible = 0;
			defaultConfigurationName = Release;
		};
/* End XCConfigurationList section */
	};
	rootObject = 27B7FB761FB48BF1008364EF /* Project object */;
}
